
Microsoft Visual Studio Solution File, Format Version 12.00
# Visual Studio Version 17
VisualStudioVersion = 17.6.33723.286
MinimumVisualStudioVersion = 10.0.40219.1
Project("{2150E333-8FDC-42A3-9474-1A3956D46DE8}") = "src", "src", "{67EC565C-685A-4B3A-8DE7-0B92D180F3BA}"
EndProject
Project("{2150E333-8FDC-42A3-9474-1A3956D46DE8}") = "tests", "tests", "{F8168C5B-E747-4D6B-B29C-E971BACE057A}"
EndProject
Project("{2150E333-8FDC-42A3-9474-1A3956D46DE8}") = "01-Infrastructure", "01-Infrastructure", "{DD247F7E-81B0-4D0A-830A-2EA16483680C}"
EndProject
Project("{2150E333-8FDC-42A3-9474-1A3956D46DE8}") = "02-Data", "02-Data", "{9C7DC877-FB77-4E97-8AE4-CFA1C0C37AAF}"
EndProject
Project("{2150E333-8FDC-42A3-9474-1A3956D46DE8}") = "03-Business", "03-Business", "{DE1547C7-2941-42C3-BD1C-B4E249A9BBC8}"
EndProject
Project("{2150E333-8FDC-42A3-9474-1A3956D46DE8}") = "04-Presentation", "04-Presentation", "{E4A03757-0176-4988-85E6-CB37F1D3543A}"
EndProject
Project("{9A19103F-16F7-4668-BE54-9A1E7A4F7556}") = "Quizer.Core", "src\01-Infrastructure\Quizer.Core\Quizer.Core.csproj", "{4189F710-19B2-4788-A5D7-222A9D6DA59D}"
EndProject
Project("{9A19103F-16F7-4668-BE54-9A1E7A4F7556}") = "Quizer.Models", "src\01-Infrastructure\Quizer.Models\Quizer.Models.csproj", "{6A54674F-2B02-469E-9D06-9F00445F6B0C}"
EndProject
Project("{9A19103F-16F7-4668-BE54-9A1E7A4F7556}") = "Quizer.Api", "src\04-Presentation\Quizer.Api\Quizer.Api.csproj", "{0DC4DB84-6343-4038-98A3-480A7DCE9798}"
EndProject
Project("{FAE04EC0-301F-11D3-BF4B-00C04F79EFBC}") = "Quizer.Application", "src\03-Business\Quizer.Application\Quizer.Application.csproj", "{3E68365F-B89D-4D32-8EB2-1BE97D57A627}"
EndProject
Global
	GlobalSection(SolutionConfigurationPlatforms) = preSolution
		Debug|Any CPU = Debug|Any CPU
		Release|Any CPU = Release|Any CPU
	EndGlobalSection
	GlobalSection(ProjectConfigurationPlatforms) = postSolution
		{4189F710-19B2-4788-A5D7-222A9D6DA59D}.Debug|Any CPU.ActiveCfg = Debug|Any CPU
		{4189F710-19B2-4788-A5D7-222A9D6DA59D}.Debug|Any CPU.Build.0 = Debug|Any CPU
		{4189F710-19B2-4788-A5D7-222A9D6DA59D}.Release|Any CPU.ActiveCfg = Release|Any CPU
		{4189F710-19B2-4788-A5D7-222A9D6DA59D}.Release|Any CPU.Build.0 = Release|Any CPU
		{6A54674F-2B02-469E-9D06-9F00445F6B0C}.Debug|Any CPU.ActiveCfg = Debug|Any CPU
		{6A54674F-2B02-469E-9D06-9F00445F6B0C}.Debug|Any CPU.Build.0 = Debug|Any CPU
		{6A54674F-2B02-469E-9D06-9F00445F6B0C}.Release|Any CPU.ActiveCfg = Release|Any CPU
		{6A54674F-2B02-469E-9D06-9F00445F6B0C}.Release|Any CPU.Build.0 = Release|Any CPU
		{0DC4DB84-6343-4038-98A3-480A7DCE9798}.Debug|Any CPU.ActiveCfg = Debug|Any CPU
		{0DC4DB84-6343-4038-98A3-480A7DCE9798}.Debug|Any CPU.Build.0 = Debug|Any CPU
		{0DC4DB84-6343-4038-98A3-480A7DCE9798}.Release|Any CPU.ActiveCfg = Release|Any CPU
		{0DC4DB84-6343-4038-98A3-480A7DCE9798}.Release|Any CPU.Build.0 = Release|Any CPU
		{3E68365F-B89D-4D32-8EB2-1BE97D57A627}.Debug|Any CPU.ActiveCfg = Debug|Any CPU
		{3E68365F-B89D-4D32-8EB2-1BE97D57A627}.Debug|Any CPU.Build.0 = Debug|Any CPU
		{3E68365F-B89D-4D32-8EB2-1BE97D57A627}.Release|Any CPU.ActiveCfg = Release|Any CPU
		{3E68365F-B89D-4D32-8EB2-1BE97D57A627}.Release|Any CPU.Build.0 = Release|Any CPU
	EndGlobalSection
	GlobalSection(SolutionProperties) = preSolution
		HideSolutionNode = FALSE
	EndGlobalSection
	GlobalSection(NestedProjects) = preSolution
		{DD247F7E-81B0-4D0A-830A-2EA16483680C} = {67EC565C-685A-4B3A-8DE7-0B92D180F3BA}
		{9C7DC877-FB77-4E97-8AE4-CFA1C0C37AAF} = {67EC565C-685A-4B3A-8DE7-0B92D180F3BA}
		{DE1547C7-2941-42C3-BD1C-B4E249A9BBC8} = {67EC565C-685A-4B3A-8DE7-0B92D180F3BA}
		{E4A03757-0176-4988-85E6-CB37F1D3543A} = {67EC565C-685A-4B3A-8DE7-0B92D180F3BA}
		{4189F710-19B2-4788-A5D7-222A9D6DA59D} = {DD247F7E-81B0-4D0A-830A-2EA16483680C}
		{6A54674F-2B02-469E-9D06-9F00445F6B0C} = {DD247F7E-81B0-4D0A-830A-2EA16483680C}
		{0DC4DB84-6343-4038-98A3-480A7DCE9798} = {E4A03757-0176-4988-85E6-CB37F1D3543A}
		{3E68365F-B89D-4D32-8EB2-1BE97D57A627} = {DE1547C7-2941-42C3-BD1C-B4E249A9BBC8}
	EndGlobalSection
	GlobalSection(ExtensibilityGlobals) = postSolution
		SolutionGuid = {4B07194A-8D5D-4A1F-AEFA-6465B0E77852}
	EndGlobalSection
EndGlobal
